
Microsoft Visual Studio Solution File, Format Version 12.00
# Visual Studio 15
VisualStudioVersion = 15.0.26730.12
MinimumVisualStudioVersion = 10.0.40219.1
Project("{FAE04EC0-301F-11D3-BF4B-00C04F79EFBC}") = "DatacenterMap.Web", "DatacenterMap.Web\DatacenterMap.Web.csproj", "{A5537B0A-84A2-4101-A0F0-B55D8C574653}"
EndProject
Project("{2150E333-8FDC-42A3-9474-1A3956D46DE8}") = "1. Api", "1. Api", "{AF4D9211-5919-49D8-B53E-C9CB530545B3}"
EndProject
Project("{2150E333-8FDC-42A3-9474-1A3956D46DE8}") = "2. Domain", "2. Domain", "{D9A246BA-7954-4E6A-AB0F-4A62B8632D44}"
EndProject
Project("{2150E333-8FDC-42A3-9474-1A3956D46DE8}") = "3. Infraestrutura", "3. Infraestrutura", "{6A8F1617-ADDA-4A71-917B-920F2143417C}"
EndProject
Global
	GlobalSection(SolutionConfigurationPlatforms) = preSolution
		Debug|Any CPU = Debug|Any CPU
		Release|Any CPU = Release|Any CPU
	EndGlobalSection
	GlobalSection(ProjectConfigurationPlatforms) = postSolution
		{A5537B0A-84A2-4101-A0F0-B55D8C574653}.Debug|Any CPU.ActiveCfg = Debug|Any CPU
		{A5537B0A-84A2-4101-A0F0-B55D8C574653}.Debug|Any CPU.Build.0 = Debug|Any CPU
		{A5537B0A-84A2-4101-A0F0-B55D8C574653}.Release|Any CPU.ActiveCfg = Release|Any CPU
		{A5537B0A-84A2-4101-A0F0-B55D8C574653}.Release|Any CPU.Build.0 = Release|Any CPU
	EndGlobalSection
	GlobalSection(SolutionProperties) = preSolution
		HideSolutionNode = FALSE
	EndGlobalSection
	GlobalSection(NestedProjects) = preSolution
		{A5537B0A-84A2-4101-A0F0-B55D8C574653} = {AF4D9211-5919-49D8-B53E-C9CB530545B3}
	EndGlobalSection
	GlobalSection(ExtensibilityGlobals) = postSolution
		SolutionGuid = {1F059192-0F93-4EA0-8FC8-2DC37CE485CC}
	EndGlobalSection
EndGlobal
