
Microsoft Visual Studio Solution File, Format Version 12.00
# Visual Studio 15
VisualStudioVersion = 15.0.26430.16
MinimumVisualStudioVersion = 10.0.40219.1
Project("{FAE04EC0-301F-11D3-BF4B-00C04F79EFBC}") = "DatacenterMap.Web", "DatacenterMap.Web\DatacenterMap.Web.csproj", "{A5537B0A-84A2-4101-A0F0-B55D8C574653}"
EndProject
Project("{2150E333-8FDC-42A3-9474-1A3956D46DE8}") = "1. Api", "1. Api", "{AF4D9211-5919-49D8-B53E-C9CB530545B3}"
EndProject
Project("{2150E333-8FDC-42A3-9474-1A3956D46DE8}") = "3. Domain", "3. Domain", "{D9A246BA-7954-4E6A-AB0F-4A62B8632D44}"
EndProject
Project("{2150E333-8FDC-42A3-9474-1A3956D46DE8}") = "4. Infraestrutura", "4. Infraestrutura", "{6A8F1617-ADDA-4A71-917B-920F2143417C}"
EndProject
Project("{FAE04EC0-301F-11D3-BF4B-00C04F79EFBC}") = "DatacenterMap.Domain", "DatacenterMap.Domain\DatacenterMap.Domain.csproj", "{56E0CEE8-27D8-4F9F-AAB8-13881385A5D4}"
EndProject
Project("{FAE04EC0-301F-11D3-BF4B-00C04F79EFBC}") = "DatacenterMap.Infra", "DatacenterMap.Infra\DatacenterMap.Infra.csproj", "{CCE79AE1-14BB-4A50-A81E-7CC262E5D99B}"
EndProject
Project("{2150E333-8FDC-42A3-9474-1A3956D46DE8}") = "5. Testes", "5. Testes", "{EBB0615B-6B2B-4338-A4B1-C39DD49E0734}"
EndProject
Project("{FAE04EC0-301F-11D3-BF4B-00C04F79EFBC}") = "DatacenterMap.Testes", "DatacenterMap.Testes\DatacenterMap.Testes.csproj", "{EE2C71B4-44DD-4D89-960C-190316AE25B4}"
EndProject
Project("{2150E333-8FDC-42A3-9474-1A3956D46DE8}") = "2. FrontEnd", "2. FrontEnd", "{C0969DE4-38DC-407F-A81D-9A1A234503BE}"
EndProject
Project("{FAE04EC0-301F-11D3-BF4B-00C04F79EFBC}") = "DatacenterMap.FrontEnd", "DatacenterMap.FrontEnd\DatacenterMap.FrontEnd.csproj", "{AB7B5F8A-C582-476B-90B0-E7F73BD9F78C}"
EndProject
Global
	GlobalSection(SolutionConfigurationPlatforms) = preSolution
		Debug|Any CPU = Debug|Any CPU
		Release|Any CPU = Release|Any CPU
	EndGlobalSection
	GlobalSection(ProjectConfigurationPlatforms) = postSolution
		{A5537B0A-84A2-4101-A0F0-B55D8C574653}.Debug|Any CPU.ActiveCfg = Debug|Any CPU
		{A5537B0A-84A2-4101-A0F0-B55D8C574653}.Debug|Any CPU.Build.0 = Debug|Any CPU
		{A5537B0A-84A2-4101-A0F0-B55D8C574653}.Release|Any CPU.ActiveCfg = Release|Any CPU
		{A5537B0A-84A2-4101-A0F0-B55D8C574653}.Release|Any CPU.Build.0 = Release|Any CPU
		{56E0CEE8-27D8-4F9F-AAB8-13881385A5D4}.Debug|Any CPU.ActiveCfg = Debug|Any CPU
		{56E0CEE8-27D8-4F9F-AAB8-13881385A5D4}.Debug|Any CPU.Build.0 = Debug|Any CPU
		{56E0CEE8-27D8-4F9F-AAB8-13881385A5D4}.Release|Any CPU.ActiveCfg = Release|Any CPU
		{56E0CEE8-27D8-4F9F-AAB8-13881385A5D4}.Release|Any CPU.Build.0 = Release|Any CPU
		{CCE79AE1-14BB-4A50-A81E-7CC262E5D99B}.Debug|Any CPU.ActiveCfg = Debug|Any CPU
		{CCE79AE1-14BB-4A50-A81E-7CC262E5D99B}.Debug|Any CPU.Build.0 = Debug|Any CPU
		{CCE79AE1-14BB-4A50-A81E-7CC262E5D99B}.Release|Any CPU.ActiveCfg = Release|Any CPU
		{CCE79AE1-14BB-4A50-A81E-7CC262E5D99B}.Release|Any CPU.Build.0 = Release|Any CPU
		{EE2C71B4-44DD-4D89-960C-190316AE25B4}.Debug|Any CPU.ActiveCfg = Debug|Any CPU
		{EE2C71B4-44DD-4D89-960C-190316AE25B4}.Debug|Any CPU.Build.0 = Debug|Any CPU
		{EE2C71B4-44DD-4D89-960C-190316AE25B4}.Release|Any CPU.ActiveCfg = Release|Any CPU
		{EE2C71B4-44DD-4D89-960C-190316AE25B4}.Release|Any CPU.Build.0 = Release|Any CPU
		{AB7B5F8A-C582-476B-90B0-E7F73BD9F78C}.Debug|Any CPU.ActiveCfg = Debug|Any CPU
		{AB7B5F8A-C582-476B-90B0-E7F73BD9F78C}.Debug|Any CPU.Build.0 = Debug|Any CPU
		{AB7B5F8A-C582-476B-90B0-E7F73BD9F78C}.Release|Any CPU.ActiveCfg = Release|Any CPU
		{AB7B5F8A-C582-476B-90B0-E7F73BD9F78C}.Release|Any CPU.Build.0 = Release|Any CPU
	EndGlobalSection
	GlobalSection(SolutionProperties) = preSolution
		HideSolutionNode = FALSE
	EndGlobalSection
	GlobalSection(NestedProjects) = preSolution
		{A5537B0A-84A2-4101-A0F0-B55D8C574653} = {AF4D9211-5919-49D8-B53E-C9CB530545B3}
		{56E0CEE8-27D8-4F9F-AAB8-13881385A5D4} = {D9A246BA-7954-4E6A-AB0F-4A62B8632D44}
		{CCE79AE1-14BB-4A50-A81E-7CC262E5D99B} = {6A8F1617-ADDA-4A71-917B-920F2143417C}
		{EE2C71B4-44DD-4D89-960C-190316AE25B4} = {EBB0615B-6B2B-4338-A4B1-C39DD49E0734}
		{AB7B5F8A-C582-476B-90B0-E7F73BD9F78C} = {C0969DE4-38DC-407F-A81D-9A1A234503BE}
	EndGlobalSection
	GlobalSection(ExtensibilityGlobals) = postSolution
		SolutionGuid = {1F059192-0F93-4EA0-8FC8-2DC37CE485CC}
	EndGlobalSection
EndGlobal
